
Microsoft Visual Studio Solution File, Format Version 12.00
# Visual Studio Version 17
VisualStudioVersion = 17.2.32602.215
MinimumVisualStudioVersion = 10.0.40219.1
Project("{FAE04EC0-301F-11D3-BF4B-00C04F79EFBC}") = "BarajaEspaniola", "BarajaEspaniola\BarajaEspaniola.csproj", "{8A92E9B4-75E4-4747-87B8-129902030B2E}"
EndProject
Global
	GlobalSection(SolutionConfigurationPlatforms) = preSolution
		Debug|Any CPU = Debug|Any CPU
		Release|Any CPU = Release|Any CPU
	EndGlobalSection
	GlobalSection(ProjectConfigurationPlatforms) = postSolution
		{8A92E9B4-75E4-4747-87B8-129902030B2E}.Debug|Any CPU.ActiveCfg = Debug|Any CPU
		{8A92E9B4-75E4-4747-87B8-129902030B2E}.Debug|Any CPU.Build.0 = Debug|Any CPU
		{8A92E9B4-75E4-4747-87B8-129902030B2E}.Release|Any CPU.ActiveCfg = Release|Any CPU
		{8A92E9B4-75E4-4747-87B8-129902030B2E}.Release|Any CPU.Build.0 = Release|Any CPU
	EndGlobalSection
	GlobalSection(SolutionProperties) = preSolution
		HideSolutionNode = FALSE
	EndGlobalSection
	GlobalSection(ExtensibilityGlobals) = postSolution
		SolutionGuid = {33EF28F9-DDDB-4F5B-B0B7-6400DF4574E0}
	EndGlobalSection
EndGlobal
